
Microsoft Visual Studio Solution File, Format Version 12.00
# Visual Studio Version 17
VisualStudioVersion = 17.4.33213.308
MinimumVisualStudioVersion = 10.0.40219.1
Project("{FAE04EC0-301F-11D3-BF4B-00C04F79EFBC}") = "EmployeeAccountingSystem", "EmployeeAccountingSystem\EmployeeAccountingSystem.csproj", "{07812A69-B8D9-408D-AE2D-C8A4110587D6}"
EndProject
Global
	GlobalSection(SolutionConfigurationPlatforms) = preSolution
		Debug|Any CPU = Debug|Any CPU
		Release|Any CPU = Release|Any CPU
	EndGlobalSection
	GlobalSection(ProjectConfigurationPlatforms) = postSolution
		{07812A69-B8D9-408D-AE2D-C8A4110587D6}.Debug|Any CPU.ActiveCfg = Debug|Any CPU
		{07812A69-B8D9-408D-AE2D-C8A4110587D6}.Debug|Any CPU.Build.0 = Debug|Any CPU
		{07812A69-B8D9-408D-AE2D-C8A4110587D6}.Release|Any CPU.ActiveCfg = Release|Any CPU
		{07812A69-B8D9-408D-AE2D-C8A4110587D6}.Release|Any CPU.Build.0 = Release|Any CPU
	EndGlobalSection
	GlobalSection(SolutionProperties) = preSolution
		HideSolutionNode = FALSE
	EndGlobalSection
	GlobalSection(ExtensibilityGlobals) = postSolution
		SolutionGuid = {CE0A7BCA-1771-4C6D-B5D2-E86170BA524B}
	EndGlobalSection
EndGlobal
